
Microsoft Visual Studio Solution File, Format Version 12.00
# Visual Studio Version 16
VisualStudioVersion = 16.0.33027.164
MinimumVisualStudioVersion = 10.0.40219.1
Project("{FAE04EC0-301F-11D3-BF4B-00C04F79EFBC}") = "CA23100505", "CA23100505.csproj", "{0CE37D64-DCEB-4F3B-A6BA-CDE26B81152E}"
EndProject
Global
	GlobalSection(SolutionConfigurationPlatforms) = preSolution
		Debug|Any CPU = Debug|Any CPU
		Release|Any CPU = Release|Any CPU
	EndGlobalSection
	GlobalSection(ProjectConfigurationPlatforms) = postSolution
		{0CE37D64-DCEB-4F3B-A6BA-CDE26B81152E}.Debug|Any CPU.ActiveCfg = Debug|Any CPU
		{0CE37D64-DCEB-4F3B-A6BA-CDE26B81152E}.Debug|Any CPU.Build.0 = Debug|Any CPU
		{0CE37D64-DCEB-4F3B-A6BA-CDE26B81152E}.Release|Any CPU.ActiveCfg = Release|Any CPU
		{0CE37D64-DCEB-4F3B-A6BA-CDE26B81152E}.Release|Any CPU.Build.0 = Release|Any CPU
	EndGlobalSection
	GlobalSection(SolutionProperties) = preSolution
		HideSolutionNode = FALSE
	EndGlobalSection
	GlobalSection(ExtensibilityGlobals) = postSolution
		SolutionGuid = {0570F1CB-F0A5-4A49-9545-A8C422120ABC}
	EndGlobalSection
EndGlobal
